
Microsoft Visual Studio Solution File, Format Version 12.00
# Visual Studio Version 16
VisualStudioVersion = 16.0.32901.82
MinimumVisualStudioVersion = 10.0.40219.1
Project("{9A19103F-16F7-4668-BE54-9A1E7A4F7556}") = "dizilist", "Dizi\dizilist.csproj", "{61AB5501-6F8F-49C9-BA9E-93ECC4A3B5A0}"
	ProjectSection(ProjectDependencies) = postProject
		{9DB49C07-FCF0-4251-A593-3810C91A09B7} = {9DB49C07-FCF0-4251-A593-3810C91A09B7}
		{E889D852-9352-42CE-899B-F84F687C8756} = {E889D852-9352-42CE-899B-F84F687C8756}
		{8CD4F6A6-4CEA-4150-86F3-A96DA057618B} = {8CD4F6A6-4CEA-4150-86F3-A96DA057618B}
		{4469F3DB-A92A-41D1-AF75-66444EE4B449} = {4469F3DB-A92A-41D1-AF75-66444EE4B449}
		{EF951DEB-C841-4FC8-AAE5-3A004B809452} = {EF951DEB-C841-4FC8-AAE5-3A004B809452}
	EndProjectSection
EndProject
Project("{9A19103F-16F7-4668-BE54-9A1E7A4F7556}") = "classıntro", "Class\classıntro.csproj", "{4469F3DB-A92A-41D1-AF75-66444EE4B449}"
EndProject
Project("{9A19103F-16F7-4668-BE54-9A1E7A4F7556}") = "metotlar", "Metotlar\metotlar.csproj", "{E889D852-9352-42CE-899B-F84F687C8756}"
EndProject
Project("{9A19103F-16F7-4668-BE54-9A1E7A4F7556}") = "DegerVeReferansTipler", "DegerVeReferansTipler\DegerVeReferansTipler.csproj", "{EF951DEB-C841-4FC8-AAE5-3A004B809452}"
EndProject
Project("{9A19103F-16F7-4668-BE54-9A1E7A4F7556}") = "OOP", "OOP\OOP.csproj", "{8CD4F6A6-4CEA-4150-86F3-A96DA057618B}"
EndProject
Project("{9A19103F-16F7-4668-BE54-9A1E7A4F7556}") = "OOP1", "OOP1\OOP1.csproj", "{9DB49C07-FCF0-4251-A593-3810C91A09B7}"
EndProject
Project("{9A19103F-16F7-4668-BE54-9A1E7A4F7556}") = "MyDictionary", "MyDictionary\MyDictionary.csproj", "{DAB791DE-6FCC-41B3-9408-082F73F236CF}"
EndProject
Project("{9A19103F-16F7-4668-BE54-9A1E7A4F7556}") = "MyList", "MyList\MyList.csproj", "{BC1A85AE-5D7C-4F87-87DA-3BBC58175C2F}"
EndProject
Project("{2150E333-8FDC-42A3-9474-1A3956D46DE8}") = "GenericsIntro", "GenericsIntro", "{5F83539F-C842-4C21-94EA-0F523781C3C8}"
EndProject
Project("{FAE04EC0-301F-11D3-BF4B-00C04F79EFBC}") = "OOP1-GameProject", "OOP1-Practise\OOP1-GameProject.csproj", "{C76FD989-694D-4672-970D-A54A9B0340B6}"
EndProject
Global
	GlobalSection(SolutionConfigurationPlatforms) = preSolution
		Debug|Any CPU = Debug|Any CPU
		Release|Any CPU = Release|Any CPU
	EndGlobalSection
	GlobalSection(ProjectConfigurationPlatforms) = postSolution
		{61AB5501-6F8F-49C9-BA9E-93ECC4A3B5A0}.Debug|Any CPU.ActiveCfg = Debug|Any CPU
		{61AB5501-6F8F-49C9-BA9E-93ECC4A3B5A0}.Debug|Any CPU.Build.0 = Debug|Any CPU
		{61AB5501-6F8F-49C9-BA9E-93ECC4A3B5A0}.Release|Any CPU.ActiveCfg = Release|Any CPU
		{61AB5501-6F8F-49C9-BA9E-93ECC4A3B5A0}.Release|Any CPU.Build.0 = Release|Any CPU
		{4469F3DB-A92A-41D1-AF75-66444EE4B449}.Debug|Any CPU.ActiveCfg = Debug|Any CPU
		{4469F3DB-A92A-41D1-AF75-66444EE4B449}.Debug|Any CPU.Build.0 = Debug|Any CPU
		{4469F3DB-A92A-41D1-AF75-66444EE4B449}.Release|Any CPU.ActiveCfg = Release|Any CPU
		{4469F3DB-A92A-41D1-AF75-66444EE4B449}.Release|Any CPU.Build.0 = Release|Any CPU
		{E889D852-9352-42CE-899B-F84F687C8756}.Debug|Any CPU.ActiveCfg = Debug|Any CPU
		{E889D852-9352-42CE-899B-F84F687C8756}.Debug|Any CPU.Build.0 = Debug|Any CPU
		{E889D852-9352-42CE-899B-F84F687C8756}.Release|Any CPU.ActiveCfg = Release|Any CPU
		{E889D852-9352-42CE-899B-F84F687C8756}.Release|Any CPU.Build.0 = Release|Any CPU
		{EF951DEB-C841-4FC8-AAE5-3A004B809452}.Debug|Any CPU.ActiveCfg = Debug|Any CPU
		{EF951DEB-C841-4FC8-AAE5-3A004B809452}.Debug|Any CPU.Build.0 = Debug|Any CPU
		{EF951DEB-C841-4FC8-AAE5-3A004B809452}.Release|Any CPU.ActiveCfg = Release|Any CPU
		{EF951DEB-C841-4FC8-AAE5-3A004B809452}.Release|Any CPU.Build.0 = Release|Any CPU
		{8CD4F6A6-4CEA-4150-86F3-A96DA057618B}.Debug|Any CPU.ActiveCfg = Debug|Any CPU
		{8CD4F6A6-4CEA-4150-86F3-A96DA057618B}.Debug|Any CPU.Build.0 = Debug|Any CPU
		{8CD4F6A6-4CEA-4150-86F3-A96DA057618B}.Release|Any CPU.ActiveCfg = Release|Any CPU
		{8CD4F6A6-4CEA-4150-86F3-A96DA057618B}.Release|Any CPU.Build.0 = Release|Any CPU
		{9DB49C07-FCF0-4251-A593-3810C91A09B7}.Debug|Any CPU.ActiveCfg = Debug|Any CPU
		{9DB49C07-FCF0-4251-A593-3810C91A09B7}.Debug|Any CPU.Build.0 = Debug|Any CPU
		{9DB49C07-FCF0-4251-A593-3810C91A09B7}.Release|Any CPU.ActiveCfg = Release|Any CPU
		{9DB49C07-FCF0-4251-A593-3810C91A09B7}.Release|Any CPU.Build.0 = Release|Any CPU
		{DAB791DE-6FCC-41B3-9408-082F73F236CF}.Debug|Any CPU.ActiveCfg = Debug|Any CPU
		{DAB791DE-6FCC-41B3-9408-082F73F236CF}.Debug|Any CPU.Build.0 = Debug|Any CPU
		{DAB791DE-6FCC-41B3-9408-082F73F236CF}.Release|Any CPU.ActiveCfg = Release|Any CPU
		{DAB791DE-6FCC-41B3-9408-082F73F236CF}.Release|Any CPU.Build.0 = Release|Any CPU
		{BC1A85AE-5D7C-4F87-87DA-3BBC58175C2F}.Debug|Any CPU.ActiveCfg = Debug|Any CPU
		{BC1A85AE-5D7C-4F87-87DA-3BBC58175C2F}.Debug|Any CPU.Build.0 = Debug|Any CPU
		{BC1A85AE-5D7C-4F87-87DA-3BBC58175C2F}.Release|Any CPU.ActiveCfg = Release|Any CPU
		{BC1A85AE-5D7C-4F87-87DA-3BBC58175C2F}.Release|Any CPU.Build.0 = Release|Any CPU
		{C76FD989-694D-4672-970D-A54A9B0340B6}.Debug|Any CPU.ActiveCfg = Debug|Any CPU
		{C76FD989-694D-4672-970D-A54A9B0340B6}.Debug|Any CPU.Build.0 = Debug|Any CPU
		{C76FD989-694D-4672-970D-A54A9B0340B6}.Release|Any CPU.ActiveCfg = Release|Any CPU
		{C76FD989-694D-4672-970D-A54A9B0340B6}.Release|Any CPU.Build.0 = Release|Any CPU
	EndGlobalSection
	GlobalSection(SolutionProperties) = preSolution
		HideSolutionNode = FALSE
	EndGlobalSection
	GlobalSection(NestedProjects) = preSolution
		{DAB791DE-6FCC-41B3-9408-082F73F236CF} = {5F83539F-C842-4C21-94EA-0F523781C3C8}
		{BC1A85AE-5D7C-4F87-87DA-3BBC58175C2F} = {5F83539F-C842-4C21-94EA-0F523781C3C8}
	EndGlobalSection
	GlobalSection(ExtensibilityGlobals) = postSolution
		SolutionGuid = {BCE64D9C-1416-4371-9434-C0E17DD3F30F}
	EndGlobalSection
EndGlobal
